
Microsoft Visual Studio Solution File, Format Version 12.00
# Visual Studio 15
VisualStudioVersion = 15.0.28307.329
MinimumVisualStudioVersion = 10.0.40219.1
Project("{FAE04EC0-301F-11D3-BF4B-00C04F79EFBC}") = "MvcTest", "MvcTest\MvcTest.csproj", "{A81E65E5-0913-403F-96D7-8237991BC8AE}"
EndProject
Global
	GlobalSection(SolutionConfigurationPlatforms) = preSolution
		Debug|Any CPU = Debug|Any CPU
		Release|Any CPU = Release|Any CPU
	EndGlobalSection
	GlobalSection(ProjectConfigurationPlatforms) = postSolution
		{A81E65E5-0913-403F-96D7-8237991BC8AE}.Debug|Any CPU.ActiveCfg = Debug|Any CPU
		{A81E65E5-0913-403F-96D7-8237991BC8AE}.Debug|Any CPU.Build.0 = Debug|Any CPU
		{A81E65E5-0913-403F-96D7-8237991BC8AE}.Release|Any CPU.ActiveCfg = Release|Any CPU
		{A81E65E5-0913-403F-96D7-8237991BC8AE}.Release|Any CPU.Build.0 = Release|Any CPU
	EndGlobalSection
	GlobalSection(SolutionProperties) = preSolution
		HideSolutionNode = FALSE
	EndGlobalSection
	GlobalSection(ExtensibilityGlobals) = postSolution
		SolutionGuid = {F66F2E2C-6607-4BA3-8FC1-28C907E031DC}
	EndGlobalSection
EndGlobal
